// !$*UTF8*$!
{
	archiveVersion = 1;
	classes = {
	};
	objectVersion = 55;
	objects = {

/* Begin PBXBuildFile section */
		1F629EB0285842660040DE61 /* BrowserDemoApp.swift in Sources */ = {isa = PBXBuildFile; fileRef = 1F629EAF285842660040DE61 /* BrowserDemoApp.swift */; };
		1F629EB2285842660040DE61 /* ContentView.swift in Sources */ = {isa = PBXBuildFile; fileRef = 1F629EB1285842660040DE61 /* ContentView.swift */; };
		1F629EB4285842670040DE61 /* Assets.xcassets in Resources */ = {isa = PBXBuildFile; fileRef = 1F629EB3285842670040DE61 /* Assets.xcassets */; };
		1F629EB7285842670040DE61 /* Preview Assets.xcassets in Resources */ = {isa = PBXBuildFile; fileRef = 1F629EB6285842670040DE61 /* Preview Assets.xcassets */; };
		1F629EBF285849130040DE61 /* BrowserWebView.swift in Sources */ = {isa = PBXBuildFile; fileRef = 1F629EBE285849130040DE61 /* BrowserWebView.swift */; };
		1F629EC1285954230040DE61 /* FirefoxPlugin.swift in Sources */ = {isa = PBXBuildFile; fileRef = 1F629EC0285954230040DE61 /* FirefoxPlugin.swift */; };
		1F629EC4285965150040DE61 /* ZIPFoundation in Frameworks */ = {isa = PBXBuildFile; productRef = 1F629EC3285965150040DE61 /* ZIPFoundation */; };
/* End PBXBuildFile section */

/* Begin PBXFileReference section */
		1F629EAC285842660040DE61 /* BrowserDemo.app */ = {isa = PBXFileReference; explicitFileType = wrapper.application; includeInIndex = 0; path = BrowserDemo.app; sourceTree = BUILT_PRODUCTS_DIR; };
		1F629EAF285842660040DE61 /* BrowserDemoApp.swift */ = {isa = PBXFileReference; lastKnownFileType = sourcecode.swift; path = BrowserDemoApp.swift; sourceTree = "<group>"; };
		1F629EB1285842660040DE61 /* ContentView.swift */ = {isa = PBXFileReference; lastKnownFileType = sourcecode.swift; path = ContentView.swift; sourceTree = "<group>"; };
		1F629EB3285842670040DE61 /* Assets.xcassets */ = {isa = PBXFileReference; lastKnownFileType = folder.assetcatalog; path = Assets.xcassets; sourceTree = "<group>"; };
		1F629EB6285842670040DE61 /* Preview Assets.xcassets */ = {isa = PBXFileReference; lastKnownFileType = folder.assetcatalog; path = "Preview Assets.xcassets"; sourceTree = "<group>"; };
		1F629EB8285842670040DE61 /* BrowserDemo.entitlements */ = {isa = PBXFileReference; lastKnownFileType = text.plist.entitlements; path = BrowserDemo.entitlements; sourceTree = "<group>"; };
		1F629EBE285849130040DE61 /* BrowserWebView.swift */ = {isa = PBXFileReference; lastKnownFileType = sourcecode.swift; path = BrowserWebView.swift; sourceTree = "<group>"; };
		1F629EC0285954230040DE61 /* FirefoxPlugin.swift */ = {isa = PBXFileReference; lastKnownFileType = sourcecode.swift; path = FirefoxPlugin.swift; sourceTree = "<group>"; };
/* End PBXFileReference section */

/* Begin PBXFrameworksBuildPhase section */
		1F629EA9285842660040DE61 /* Frameworks */ = {
			isa = PBXFrameworksBuildPhase;
			buildActionMask = 2147483647;
			files = (
				1F629EC4285965150040DE61 /* ZIPFoundation in Frameworks */,
			);
			runOnlyForDeploymentPostprocessing = 0;
		};
/* End PBXFrameworksBuildPhase section */

/* Begin PBXGroup section */
		1F629EA3285842660040DE61 = {
			isa = PBXGroup;
			children = (
				1F629EAE285842660040DE61 /* BrowserDemo */,
				1F629EAD285842660040DE61 /* Products */,
			);
			sourceTree = "<group>";
		};
		1F629EAD285842660040DE61 /* Products */ = {
			isa = PBXGroup;
			children = (
				1F629EAC285842660040DE61 /* BrowserDemo.app */,
			);
			name = Products;
			sourceTree = "<group>";
		};
		1F629EAE285842660040DE61 /* BrowserDemo */ = {
			isa = PBXGroup;
			children = (
				1F629EAF285842660040DE61 /* BrowserDemoApp.swift */,
				1F629EB1285842660040DE61 /* ContentView.swift */,
				1F629EBE285849130040DE61 /* BrowserWebView.swift */,
				1F629EC0285954230040DE61 /* FirefoxPlugin.swift */,
				1F629EB3285842670040DE61 /* Assets.xcassets */,
				1F629EB8285842670040DE61 /* BrowserDemo.entitlements */,
				1F629EB5285842670040DE61 /* Preview Content */,
			);
			path = BrowserDemo;
			sourceTree = "<group>";
		};
		1F629EB5285842670040DE61 /* Preview Content */ = {
			isa = PBXGroup;
			children = (
				1F629EB6285842670040DE61 /* Preview Assets.xcassets */,
			);
			path = "Preview Content";
			sourceTree = "<group>";
		};
/* End PBXGroup section */

/* Begin PBXNativeTarget section */
		1F629EAB285842660040DE61 /* BrowserDemo */ = {
			isa = PBXNativeTarget;
			buildConfigurationList = 1F629EBB285842670040DE61 /* Build configuration list for PBXNativeTarget "BrowserDemo" */;
			buildPhases = (
				1F629EA8285842660040DE61 /* Sources */,
				1F629EA9285842660040DE61 /* Frameworks */,
				1F629EAA285842660040DE61 /* Resources */,
			);
			buildRules = (
			);
			dependencies = (
			);
			name = BrowserDemo;
			packageProductDependencies = (
				1F629EC3285965150040DE61 /* ZIPFoundation */,
			);
			productName = BrowserDemo;
			productReference = 1F629EAC285842660040DE61 /* BrowserDemo.app */;
			productType = "com.apple.product-type.application";
		};
/* End PBXNativeTarget section */

/* Begin PBXProject section */
		1F629EA4285842660040DE61 /* Project object */ = {
			isa = PBXProject;
			attributes = {
				BuildIndependentTargetsInParallel = 1;
				LastSwiftUpdateCheck = 1330;
				LastUpgradeCheck = 1330;
				TargetAttributes = {
					1F629EAB285842660040DE61 = {
						CreatedOnToolsVersion = 13.3.1;
					};
				};
			};
			buildConfigurationList = 1F629EA7285842660040DE61 /* Build configuration list for PBXProject "BrowserDemo" */;
			compatibilityVersion = "Xcode 13.0";
			developmentRegion = en;
			hasScannedForEncodings = 0;
			knownRegions = (
				en,
				Base,
			);
			mainGroup = 1F629EA3285842660040DE61;
			packageReferences = (
				1F629EC2285965150040DE61 /* XCRemoteSwiftPackageReference "ZIPFoundation" */,
			);
			productRefGroup = 1F629EAD285842660040DE61 /* Products */;
			projectDirPath = "";
			projectRoot = "";
			targets = (
				1F629EAB285842660040DE61 /* BrowserDemo */,
			);
		};
/* End PBXProject section */

/* Begin PBXResourcesBuildPhase section */
		1F629EAA285842660040DE61 /* Resources */ = {
			isa = PBXResourcesBuildPhase;
			buildActionMask = 2147483647;
			files = (
				1F629EB7285842670040DE61 /* Preview Assets.xcassets in Resources */,
				1F629EB4285842670040DE61 /* Assets.xcassets in Resources */,
			);
			runOnlyForDeploymentPostprocessing = 0;
		};
/* End PBXResourcesBuildPhase section */

/* Begin PBXSourcesBuildPhase section */
		1F629EA8285842660040DE61 /* Sources */ = {
			isa = PBXSourcesBuildPhase;
			buildActionMask = 2147483647;
			files = (
				1F629EB2285842660040DE61 /* ContentView.swift in Sources */,
				1F629EC1285954230040DE61 /* FirefoxPlugin.swift in Sources */,
				1F629EBF285849130040DE61 /* BrowserWebView.swift in Sources */,
				1F629EB0285842660040DE61 /* BrowserDemoApp.swift in Sources */,
			);
			runOnlyForDeploymentPostprocessing = 0;
		};
/* End PBXSourcesBuildPhase section */

/* Begin XCBuildConfiguration section */
		1F629EB9285842670040DE61 /* Debug */ = {
			isa = XCBuildConfiguration;
			buildSettings = {
				ALWAYS_SEARCH_USER_PATHS = NO;
				CLANG_ANALYZER_NONNULL = YES;
				CLANG_ANALYZER_NUMBER_OBJECT_CONVERSION = YES_AGGRESSIVE;
				CLANG_CXX_LANGUAGE_STANDARD = "gnu++17";
				CLANG_ENABLE_MODULES = YES;
				CLANG_ENABLE_OBJC_ARC = YES;
				CLANG_ENABLE_OBJC_WEAK = YES;
				CLANG_WARN_BLOCK_CAPTURE_AUTORELEASING = YES;
				CLANG_WARN_BOOL_CONVERSION = YES;
				CLANG_WARN_COMMA = YES;
				CLANG_WARN_CONSTANT_CONVERSION = YES;
				CLANG_WARN_DEPRECATED_OBJC_IMPLEMENTATIONS = YES;
				CLANG_WARN_DIRECT_OBJC_ISA_USAGE = YES_ERROR;
				CLANG_WARN_DOCUMENTATION_COMMENTS = YES;
				CLANG_WARN_EMPTY_BODY = YES;
				CLANG_WARN_ENUM_CONVERSION = YES;
				CLANG_WARN_INFINITE_RECURSION = YES;
				CLANG_WARN_INT_CONVERSION = YES;
				CLANG_WARN_NON_LITERAL_NULL_CONVERSION = YES;
				CLANG_WARN_OBJC_IMPLICIT_RETAIN_SELF = YES;
				CLANG_WARN_OBJC_LITERAL_CONVERSION = YES;
				CLANG_WARN_OBJC_ROOT_CLASS = YES_ERROR;
				CLANG_WARN_QUOTED_INCLUDE_IN_FRAMEWORK_HEADER = YES;
				CLANG_WARN_RANGE_LOOP_ANALYSIS = YES;
				CLANG_WARN_STRICT_PROTOTYPES = YES;
				CLANG_WARN_SUSPICIOUS_MOVE = YES;
				CLANG_WARN_UNGUARDED_AVAILABILITY = YES_AGGRESSIVE;
				CLANG_WARN_UNREACHABLE_CODE = YES;
				CLANG_WARN__DUPLICATE_METHOD_MATCH = YES;
				COPY_PHASE_STRIP = NO;
				DEBUG_INFORMATION_FORMAT = dwarf;
				ENABLE_STRICT_OBJC_MSGSEND = YES;
				ENABLE_TESTABILITY = YES;
				GCC_C_LANGUAGE_STANDARD = gnu11;
				GCC_DYNAMIC_NO_PIC = NO;
				GCC_NO_COMMON_BLOCKS = YES;
				GCC_OPTIMIZATION_LEVEL = 0;
				GCC_PREPROCESSOR_DEFINITIONS = (
					"DEBUG=1",
					"$(inherited)",
				);
				GCC_WARN_64_TO_32_BIT_CONVERSION = YES;
				GCC_WARN_ABOUT_RETURN_TYPE = YES_ERROR;
				GCC_WARN_UNDECLARED_SELECTOR = YES;
				GCC_WARN_UNINITIALIZED_AUTOS = YES_AGGRESSIVE;
				GCC_WARN_UNUSED_FUNCTION = YES;
				GCC_WARN_UNUSED_VARIABLE = YES;
				MACOSX_DEPLOYMENT_TARGET = 12.3;
				MTL_ENABLE_DEBUG_INFO = INCLUDE_SOURCE;
				MTL_FAST_MATH = YES;
				ONLY_ACTIVE_ARCH = YES;
				SDKROOT = macosx;
				SWIFT_ACTIVE_COMPILATION_CONDITIONS = DEBUG;
				SWIFT_OPTIMIZATION_LEVEL = "-Onone";
			};
			name = Debug;
		};
		1F629EBA285842670040DE61 /* Release */ = {
			isa = XCBuildConfiguration;
			buildSettings = {
				ALWAYS_SEARCH_USER_PATHS = NO;
				CLANG_ANALYZER_NONNULL = YES;
				CLANG_ANALYZER_NUMBER_OBJECT_CONVERSION = YES_AGGRESSIVE;
				CLANG_CXX_LANGUAGE_STANDARD = "gnu++17";
				CLANG_ENABLE_MODULES = YES;
				CLANG_ENABLE_OBJC_ARC = YES;
				CLANG_ENABLE_OBJC_WEAK = YES;
				CLANG_WARN_BLOCK_CAPTURE_AUTORELEASING = YES;
				CLANG_WARN_BOOL_CONVERSION = YES;
				CLANG_WARN_COMMA = YES;
				CLANG_WARN_CONSTANT_CONVERSION = YES;
				CLANG_WARN_DEPRECATED_OBJC_IMPLEMENTATIONS = YES;
				CLANG_WARN_DIRECT_OBJC_ISA_USAGE = YES_ERROR;
				CLANG_WARN_DOCUMENTATION_COMMENTS = YES;
				CLANG_WARN_EMPTY_BODY = YES;
				CLANG_WARN_ENUM_CONVERSION = YES;
				CLANG_WARN_INFINITE_RECURSION = YES;
				CLANG_WARN_INT_CONVERSION = YES;
				CLANG_WARN_NON_LITERAL_NULL_CONVERSION = YES;
				CLANG_WARN_OBJC_IMPLICIT_RETAIN_SELF = YES;
				CLANG_WARN_OBJC_LITERAL_CONVERSION = YES;
				CLANG_WARN_OBJC_ROOT_CLASS = YES_ERROR;
				CLANG_WARN_QUOTED_INCLUDE_IN_FRAMEWORK_HEADER = YES;
				CLANG_WARN_RANGE_LOOP_ANALYSIS = YES;
				CLANG_WARN_STRICT_PROTOTYPES = YES;
				CLANG_WARN_SUSPICIOUS_MOVE = YES;
				CLANG_WARN_UNGUARDED_AVAILABILITY = YES_AGGRESSIVE;
				CLANG_WARN_UNREACHABLE_CODE = YES;
				CLANG_WARN__DUPLICATE_METHOD_MATCH = YES;
				COPY_PHASE_STRIP = NO;
				DEBUG_INFORMATION_FORMAT = "dwarf-with-dsym";
				ENABLE_NS_ASSERTIONS = NO;
				ENABLE_STRICT_OBJC_MSGSEND = YES;
				GCC_C_LANGUAGE_STANDARD = gnu11;
				GCC_NO_COMMON_BLOCKS = YES;
				GCC_WARN_64_TO_32_BIT_CONVERSION = YES;
				GCC_WARN_ABOUT_RETURN_TYPE = YES_ERROR;
				GCC_WARN_UNDECLARED_SELECTOR = YES;
				GCC_WARN_UNINITIALIZED_AUTOS = YES_AGGRESSIVE;
				GCC_WARN_UNUSED_FUNCTION = YES;
				GCC_WARN_UNUSED_VARIABLE = YES;
				MACOSX_DEPLOYMENT_TARGET = 12.3;
				MTL_ENABLE_DEBUG_INFO = NO;
				MTL_FAST_MATH = YES;
				SDKROOT = macosx;
				SWIFT_COMPILATION_MODE = wholemodule;
				SWIFT_OPTIMIZATION_LEVEL = "-O";
			};
			name = Release;
		};
		1F629EBC285842670040DE61 /* Debug */ = {
			isa = XCBuildConfiguration;
			buildSettings = {
				ASSETCATALOG_COMPILER_APPICON_NAME = AppIcon;
				ASSETCATALOG_COMPILER_GLOBAL_ACCENT_COLOR_NAME = AccentColor;
				CODE_SIGN_ENTITLEMENTS = BrowserDemo/BrowserDemo.entitlements;
				CODE_SIGN_STYLE = Automatic;
				COMBINE_HIDPI_IMAGES = YES;
				CURRENT_PROJECT_VERSION = 1;
				DEVELOPMENT_ASSET_PATHS = "\"BrowserDemo/Preview Content\"";
				DEVELOPMENT_TEAM = "";
				ENABLE_HARDENED_RUNTIME = NO;
				ENABLE_PREVIEWS = YES;
				GENERATE_INFOPLIST_FILE = YES;
				INFOPLIST_KEY_NSHumanReadableCopyright = "";
				LD_RUNPATH_SEARCH_PATHS = (
					"$(inherited)",
					"@executable_path/../Frameworks",
				);
				MACOSX_DEPLOYMENT_TARGET = 12.0;
				MARKETING_VERSION = 1.0;
				PRODUCT_BUNDLE_IDENTIFIER = com.kami.BrowserDemo;
				PRODUCT_NAME = "$(TARGET_NAME)";
				SWIFT_EMIT_LOC_STRINGS = YES;
				SWIFT_VERSION = 5.0;
			};
			name = Debug;
		};
		1F629EBD285842670040DE61 /* Release */ = {
			isa = XCBuildConfiguration;
			buildSettings = {
				ASSETCATALOG_COMPILER_APPICON_NAME = AppIcon;
				ASSETCATALOG_COMPILER_GLOBAL_ACCENT_COLOR_NAME = AccentColor;
				CODE_SIGN_ENTITLEMENTS = BrowserDemo/BrowserDemo.entitlements;
				CODE_SIGN_STYLE = Automatic;
				COMBINE_HIDPI_IMAGES = YES;
				CURRENT_PROJECT_VERSION = 1;
				DEVELOPMENT_ASSET_PATHS = "\"BrowserDemo/Preview Content\"";
				DEVELOPMENT_TEAM = "";
				ENABLE_HARDENED_RUNTIME = NO;
				ENABLE_PREVIEWS = YES;
				GENERATE_INFOPLIST_FILE = YES;
				INFOPLIST_KEY_NSHumanReadableCopyright = "";
				LD_RUNPATH_SEARCH_PATHS = (
					"$(inherited)",
					"@executable_path/../Frameworks",
				);
				MACOSX_DEPLOYMENT_TARGET = 12.0;
				MARKETING_VERSION = 1.0;
				PRODUCT_BUNDLE_IDENTIFIER = com.kami.BrowserDemo;
				PRODUCT_NAME = "$(TARGET_NAME)";
				SWIFT_EMIT_LOC_STRINGS = YES;
				SWIFT_VERSION = 5.0;
			};
			name = Release;
		};
/* End XCBuildConfiguration section */

/* Begin XCConfigurationList section */
		1F629EA7285842660040DE61 /* Build configuration list for PBXProject "BrowserDemo" */ = {
			isa = XCConfigurationList;
			buildConfigurations = (
				1F629EB9285842670040DE61 /* Debug */,
				1F629EBA285842670040DE61 /* Release */,
			);
			defaultConfigurationIsVisible = 0;
			defaultConfigurationName = Release;
		};
		1F629EBB285842670040DE61 /* Build configuration list for PBXNativeTarget "BrowserDemo" */ = {
			isa = XCConfigurationList;
			buildConfigurations = (
				1F629EBC285842670040DE61 /* Debug */,
				1F629EBD285842670040DE61 /* Release */,
			);
			defaultConfigurationIsVisible = 0;
			defaultConfigurationName = Release;
		};
/* End XCConfigurationList section */

/* Begin XCRemoteSwiftPackageReference section */
		1F629EC2285965150040DE61 /* XCRemoteSwiftPackageReference "ZIPFoundation" */ = {
			isa = XCRemoteSwiftPackageReference;
			repositoryURL = "https://github.com/weichsel/ZIPFoundation.git";
			requirement = {
				kind = upToNextMajorVersion;
				minimumVersion = 0.9.9;
			};
		};
/* End XCRemoteSwiftPackageReference section */

/* Begin XCSwiftPackageProductDependency section */
		1F629EC3285965150040DE61 /* ZIPFoundation */ = {
			isa = XCSwiftPackageProductDependency;
			package = 1F629EC2285965150040DE61 /* XCRemoteSwiftPackageReference "ZIPFoundation" */;
			productName = ZIPFoundation;
		};
/* End XCSwiftPackageProductDependency section */
	};
	rootObject = 1F629EA4285842660040DE61 /* Project object */;
}
